
Microsoft Visual Studio Solution File, Format Version 12.00
# Visual Studio Version 17
VisualStudioVersion = 17.11.35327.3
MinimumVisualStudioVersion = 10.0.40219.1
Project("{2150E333-8FDC-42A3-9474-1A3956D46DE8}") = "src", "src", "{C582E5B1-2527-440C-A81F-1F74D80DEBB0}"
EndProject
Project("{2150E333-8FDC-42A3-9474-1A3956D46DE8}") = "core", "core", "{04FF15BB-977F-4C3F-A9D0-8721DF66E1E9}"
EndProject
Project("{FAE04EC0-301F-11D3-BF4B-00C04F79EFBC}") = "Domain", "Domain\Domain.csproj", "{B640E5AF-A343-4962-A5F4-F7E97C482E6A}"
EndProject
Project("{FAE04EC0-301F-11D3-BF4B-00C04F79EFBC}") = "Application", "Application\Application.csproj", "{615889F1-E43A-450A-9624-794750C9389B}"
EndProject
Project("{FAE04EC0-301F-11D3-BF4B-00C04F79EFBC}") = "Infrastructure", "Infrastructure\Infrastructure.csproj", "{97785382-0191-4254-BF5E-BF1B33612444}"
EndProject
Project("{FAE04EC0-301F-11D3-BF4B-00C04F79EFBC}") = "WebApi", "WebApi\WebApi.csproj", "{007A3724-8EF2-4778-9EBF-B5040F69719E}"
EndProject
Project("{FAE04EC0-301F-11D3-BF4B-00C04F79EFBC}") = "ApiGateway", "ApiGateway\ApiGateway.csproj", "{4BC0A2E1-4E09-4DC0-93AC-78260A876245}"
EndProject
Project("{FAE04EC0-301F-11D3-BF4B-00C04F79EFBC}") = "TrajanEcole.Shared.Library", "..\TrajanEcole.Shared.Library\TrajanEcole.Shared.Library.csproj", "{73381318-D0E4-48C1-A0B3-C629BFE0DC38}"
EndProject
Global
	GlobalSection(SolutionConfigurationPlatforms) = preSolution
		Debug|Any CPU = Debug|Any CPU
		Debug|x64 = Debug|x64
		Debug|x86 = Debug|x86
		Release|Any CPU = Release|Any CPU
		Release|x64 = Release|x64
		Release|x86 = Release|x86
	EndGlobalSection
	GlobalSection(ProjectConfigurationPlatforms) = postSolution
		{B640E5AF-A343-4962-A5F4-F7E97C482E6A}.Debug|Any CPU.ActiveCfg = Debug|Any CPU
		{B640E5AF-A343-4962-A5F4-F7E97C482E6A}.Debug|Any CPU.Build.0 = Debug|Any CPU
		{B640E5AF-A343-4962-A5F4-F7E97C482E6A}.Debug|x64.ActiveCfg = Debug|Any CPU
		{B640E5AF-A343-4962-A5F4-F7E97C482E6A}.Debug|x64.Build.0 = Debug|Any CPU
		{B640E5AF-A343-4962-A5F4-F7E97C482E6A}.Debug|x86.ActiveCfg = Debug|Any CPU
		{B640E5AF-A343-4962-A5F4-F7E97C482E6A}.Debug|x86.Build.0 = Debug|Any CPU
		{B640E5AF-A343-4962-A5F4-F7E97C482E6A}.Release|Any CPU.ActiveCfg = Release|Any CPU
		{B640E5AF-A343-4962-A5F4-F7E97C482E6A}.Release|Any CPU.Build.0 = Release|Any CPU
		{B640E5AF-A343-4962-A5F4-F7E97C482E6A}.Release|x64.ActiveCfg = Release|Any CPU
		{B640E5AF-A343-4962-A5F4-F7E97C482E6A}.Release|x64.Build.0 = Release|Any CPU
		{B640E5AF-A343-4962-A5F4-F7E97C482E6A}.Release|x86.ActiveCfg = Release|Any CPU
		{B640E5AF-A343-4962-A5F4-F7E97C482E6A}.Release|x86.Build.0 = Release|Any CPU
		{615889F1-E43A-450A-9624-794750C9389B}.Debug|Any CPU.ActiveCfg = Debug|Any CPU
		{615889F1-E43A-450A-9624-794750C9389B}.Debug|Any CPU.Build.0 = Debug|Any CPU
		{615889F1-E43A-450A-9624-794750C9389B}.Debug|x64.ActiveCfg = Debug|Any CPU
		{615889F1-E43A-450A-9624-794750C9389B}.Debug|x64.Build.0 = Debug|Any CPU
		{615889F1-E43A-450A-9624-794750C9389B}.Debug|x86.ActiveCfg = Debug|Any CPU
		{615889F1-E43A-450A-9624-794750C9389B}.Debug|x86.Build.0 = Debug|Any CPU
		{615889F1-E43A-450A-9624-794750C9389B}.Release|Any CPU.ActiveCfg = Release|Any CPU
		{615889F1-E43A-450A-9624-794750C9389B}.Release|Any CPU.Build.0 = Release|Any CPU
		{615889F1-E43A-450A-9624-794750C9389B}.Release|x64.ActiveCfg = Release|Any CPU
		{615889F1-E43A-450A-9624-794750C9389B}.Release|x64.Build.0 = Release|Any CPU
		{615889F1-E43A-450A-9624-794750C9389B}.Release|x86.ActiveCfg = Release|Any CPU
		{615889F1-E43A-450A-9624-794750C9389B}.Release|x86.Build.0 = Release|Any CPU
		{97785382-0191-4254-BF5E-BF1B33612444}.Debug|Any CPU.ActiveCfg = Debug|Any CPU
		{97785382-0191-4254-BF5E-BF1B33612444}.Debug|Any CPU.Build.0 = Debug|Any CPU
		{97785382-0191-4254-BF5E-BF1B33612444}.Debug|x64.ActiveCfg = Debug|Any CPU
		{97785382-0191-4254-BF5E-BF1B33612444}.Debug|x64.Build.0 = Debug|Any CPU
		{97785382-0191-4254-BF5E-BF1B33612444}.Debug|x86.ActiveCfg = Debug|Any CPU
		{97785382-0191-4254-BF5E-BF1B33612444}.Debug|x86.Build.0 = Debug|Any CPU
		{97785382-0191-4254-BF5E-BF1B33612444}.Release|Any CPU.ActiveCfg = Release|Any CPU
		{97785382-0191-4254-BF5E-BF1B33612444}.Release|Any CPU.Build.0 = Release|Any CPU
		{97785382-0191-4254-BF5E-BF1B33612444}.Release|x64.ActiveCfg = Release|Any CPU
		{97785382-0191-4254-BF5E-BF1B33612444}.Release|x64.Build.0 = Release|Any CPU
		{97785382-0191-4254-BF5E-BF1B33612444}.Release|x86.ActiveCfg = Release|Any CPU
		{97785382-0191-4254-BF5E-BF1B33612444}.Release|x86.Build.0 = Release|Any CPU
		{007A3724-8EF2-4778-9EBF-B5040F69719E}.Debug|Any CPU.ActiveCfg = Debug|Any CPU
		{007A3724-8EF2-4778-9EBF-B5040F69719E}.Debug|Any CPU.Build.0 = Debug|Any CPU
		{007A3724-8EF2-4778-9EBF-B5040F69719E}.Debug|x64.ActiveCfg = Debug|Any CPU
		{007A3724-8EF2-4778-9EBF-B5040F69719E}.Debug|x64.Build.0 = Debug|Any CPU
		{007A3724-8EF2-4778-9EBF-B5040F69719E}.Debug|x86.ActiveCfg = Debug|Any CPU
		{007A3724-8EF2-4778-9EBF-B5040F69719E}.Debug|x86.Build.0 = Debug|Any CPU
		{007A3724-8EF2-4778-9EBF-B5040F69719E}.Release|Any CPU.ActiveCfg = Release|Any CPU
		{007A3724-8EF2-4778-9EBF-B5040F69719E}.Release|Any CPU.Build.0 = Release|Any CPU
		{007A3724-8EF2-4778-9EBF-B5040F69719E}.Release|x64.ActiveCfg = Release|Any CPU
		{007A3724-8EF2-4778-9EBF-B5040F69719E}.Release|x64.Build.0 = Release|Any CPU
		{007A3724-8EF2-4778-9EBF-B5040F69719E}.Release|x86.ActiveCfg = Release|Any CPU
		{007A3724-8EF2-4778-9EBF-B5040F69719E}.Release|x86.Build.0 = Release|Any CPU
		{4BC0A2E1-4E09-4DC0-93AC-78260A876245}.Debug|Any CPU.ActiveCfg = Debug|Any CPU
		{4BC0A2E1-4E09-4DC0-93AC-78260A876245}.Debug|Any CPU.Build.0 = Debug|Any CPU
		{4BC0A2E1-4E09-4DC0-93AC-78260A876245}.Debug|x64.ActiveCfg = Debug|Any CPU
		{4BC0A2E1-4E09-4DC0-93AC-78260A876245}.Debug|x64.Build.0 = Debug|Any CPU
		{4BC0A2E1-4E09-4DC0-93AC-78260A876245}.Debug|x86.ActiveCfg = Debug|Any CPU
		{4BC0A2E1-4E09-4DC0-93AC-78260A876245}.Debug|x86.Build.0 = Debug|Any CPU
		{4BC0A2E1-4E09-4DC0-93AC-78260A876245}.Release|Any CPU.ActiveCfg = Release|Any CPU
		{4BC0A2E1-4E09-4DC0-93AC-78260A876245}.Release|Any CPU.Build.0 = Release|Any CPU
		{4BC0A2E1-4E09-4DC0-93AC-78260A876245}.Release|x64.ActiveCfg = Release|Any CPU
		{4BC0A2E1-4E09-4DC0-93AC-78260A876245}.Release|x64.Build.0 = Release|Any CPU
		{4BC0A2E1-4E09-4DC0-93AC-78260A876245}.Release|x86.ActiveCfg = Release|Any CPU
		{4BC0A2E1-4E09-4DC0-93AC-78260A876245}.Release|x86.Build.0 = Release|Any CPU
		{73381318-D0E4-48C1-A0B3-C629BFE0DC38}.Debug|Any CPU.ActiveCfg = Debug|Any CPU
		{73381318-D0E4-48C1-A0B3-C629BFE0DC38}.Debug|Any CPU.Build.0 = Debug|Any CPU
		{73381318-D0E4-48C1-A0B3-C629BFE0DC38}.Debug|x64.ActiveCfg = Debug|Any CPU
		{73381318-D0E4-48C1-A0B3-C629BFE0DC38}.Debug|x64.Build.0 = Debug|Any CPU
		{73381318-D0E4-48C1-A0B3-C629BFE0DC38}.Debug|x86.ActiveCfg = Debug|Any CPU
		{73381318-D0E4-48C1-A0B3-C629BFE0DC38}.Debug|x86.Build.0 = Debug|Any CPU
		{73381318-D0E4-48C1-A0B3-C629BFE0DC38}.Release|Any CPU.ActiveCfg = Release|Any CPU
		{73381318-D0E4-48C1-A0B3-C629BFE0DC38}.Release|Any CPU.Build.0 = Release|Any CPU
		{73381318-D0E4-48C1-A0B3-C629BFE0DC38}.Release|x64.ActiveCfg = Release|Any CPU
		{73381318-D0E4-48C1-A0B3-C629BFE0DC38}.Release|x64.Build.0 = Release|Any CPU
		{73381318-D0E4-48C1-A0B3-C629BFE0DC38}.Release|x86.ActiveCfg = Release|Any CPU
		{73381318-D0E4-48C1-A0B3-C629BFE0DC38}.Release|x86.Build.0 = Release|Any CPU
	EndGlobalSection
	GlobalSection(SolutionProperties) = preSolution
		HideSolutionNode = FALSE
	EndGlobalSection
	GlobalSection(NestedProjects) = preSolution
		{04FF15BB-977F-4C3F-A9D0-8721DF66E1E9} = {C582E5B1-2527-440C-A81F-1F74D80DEBB0}
		{B640E5AF-A343-4962-A5F4-F7E97C482E6A} = {04FF15BB-977F-4C3F-A9D0-8721DF66E1E9}
		{615889F1-E43A-450A-9624-794750C9389B} = {04FF15BB-977F-4C3F-A9D0-8721DF66E1E9}
		{97785382-0191-4254-BF5E-BF1B33612444} = {C582E5B1-2527-440C-A81F-1F74D80DEBB0}
		{007A3724-8EF2-4778-9EBF-B5040F69719E} = {C582E5B1-2527-440C-A81F-1F74D80DEBB0}
	EndGlobalSection
	GlobalSection(ExtensibilityGlobals) = postSolution
		SolutionGuid = {61D25F97-8360-4D43-940B-1DDA74C23372}
	EndGlobalSection
EndGlobal
